
Microsoft Visual Studio Solution File, Format Version 12.00
# Visual Studio Version 16
VisualStudioVersion = 16.0.32228.343
MinimumVisualStudioVersion = 10.0.40219.1
Project("{FAE04EC0-301F-11D3-BF4B-00C04F79EFBC}") = "GorillaTagBoilerplateMod", "GorillaTagBoilerplateMod\GorillaTagBoilerplateMod.csproj", "{40EAD86B-C575-461B-BCE6-7DF861EE6C2D}"
EndProject
Global
	GlobalSection(SolutionConfigurationPlatforms) = preSolution
		Debug|Any CPU = Debug|Any CPU
		Release|Any CPU = Release|Any CPU
	EndGlobalSection
	GlobalSection(ProjectConfigurationPlatforms) = postSolution
		{40EAD86B-C575-461B-BCE6-7DF861EE6C2D}.Debug|Any CPU.ActiveCfg = Debug|Any CPU
		{40EAD86B-C575-461B-BCE6-7DF861EE6C2D}.Debug|Any CPU.Build.0 = Debug|Any CPU
		{40EAD86B-C575-461B-BCE6-7DF861EE6C2D}.Release|Any CPU.ActiveCfg = Release|Any CPU
		{40EAD86B-C575-461B-BCE6-7DF861EE6C2D}.Release|Any CPU.Build.0 = Release|Any CPU
	EndGlobalSection
	GlobalSection(SolutionProperties) = preSolution
		HideSolutionNode = FALSE
	EndGlobalSection
	GlobalSection(ExtensibilityGlobals) = postSolution
		SolutionGuid = {AE83B99D-8803-4A99-895F-828DB7C42049}
	EndGlobalSection
EndGlobal
